<?xml version="1.0" encoding="UTF-8"?>
<!DOCTYPE plist PUBLIC "-//Apple//DTD PLIST 1.0//EN" "http://www.apple.com/DTDs/PropertyList-1.0.dtd">
<plist version="1.0">
<dict>
	<key>archiveVersion</key>
	<string>1</string>
	<key>classes</key>
	<dict/>
	<key>objectVersion</key>
	<string>46</string>
	<key>objects</key>
	<dict>
		<key>15758C1FCC6268190B5415FF</key>
		<dict>
			<key>includeInIndex</key>
			<string>1</string>
			<key>isa</key>
			<string>PBXFileReference</string>
			<key>lastKnownFileType</key>
			<string>text.xcconfig</string>
			<key>name</key>
			<string>Pods-PonyChatUI.debug.xcconfig</string>
			<key>path</key>
			<string>Pods/Target Support Files/Pods-PonyChatUI/Pods-PonyChatUI.debug.xcconfig</string>
			<key>sourceTree</key>
			<string>&lt;group&gt;</string>
		</dict>
		<key>2658D54CF09C62F636CC2BF1</key>
		<dict>
			<key>buildActionMask</key>
			<string>2147483647</string>
			<key>files</key>
			<array/>
			<key>inputPaths</key>
			<array/>
			<key>isa</key>
			<string>PBXShellScriptBuildPhase</string>
			<key>name</key>
			<string>Copy Pods Resources</string>
			<key>outputPaths</key>
			<array/>
			<key>runOnlyForDeploymentPostprocessing</key>
			<string>0</string>
			<key>shellPath</key>
			<string>/bin/sh</string>
			<key>shellScript</key>
			<string>"${SRCROOT}/Pods/Target Support Files/Pods-PonyChatUI/Pods-PonyChatUI-resources.sh"
</string>
			<key>showEnvVarsInLog</key>
			<string>0</string>
		</dict>
		<key>632885CB1A8B023C0032C99C</key>
		<dict>
			<key>children</key>
			<array>
				<string>632886111A8B02930032C99C</string>
				<string>632885FD1A8B025D0032C99C</string>
				<string>632885F01A8B023C0032C99C</string>
				<string>632885D51A8B023C0032C99C</string>
				<string>98D753C6F4B3CEB2E647DAC1</string>
				<string>7AE1D43D810961388EC28908</string>
			</array>
			<key>isa</key>
			<string>PBXGroup</string>
			<key>sourceTree</key>
			<string>&lt;group&gt;</string>
		</dict>
		<key>632885CC1A8B023C0032C99C</key>
		<dict>
			<key>attributes</key>
			<dict>
				<key>CLASSPREFIX</key>
				<string>PCU</string>
				<key>LastUpgradeCheck</key>
				<string>0610</string>
				<key>ORGANIZATIONNAME</key>
				<string>&#22810;&#29609;&#20107;&#19994;&#37096; iOS&#24320;&#21457;&#32452; YY Inc.</string>
				<key>TargetAttributes</key>
				<dict>
					<key>632885D31A8B023C0032C99C</key>
					<dict>
						<key>CreatedOnToolsVersion</key>
						<string>6.1.1</string>
					</dict>
					<key>632885EC1A8B023C0032C99C</key>
					<dict>
						<key>CreatedOnToolsVersion</key>
						<string>6.1.1</string>
						<key>TestTargetID</key>
						<string>632885D31A8B023C0032C99C</string>
					</dict>
				</dict>
			</dict>
			<key>buildConfigurationList</key>
			<string>632885CF1A8B023C0032C99C</string>
			<key>compatibilityVersion</key>
			<string>Xcode 3.2</string>
			<key>developmentRegion</key>
			<string>English</string>
			<key>hasScannedForEncodings</key>
			<string>0</string>
			<key>isa</key>
			<string>PBXProject</string>
			<key>knownRegions</key>
			<array>
				<string>en</string>
				<string>Base</string>
			</array>
			<key>mainGroup</key>
			<string>632885CB1A8B023C0032C99C</string>
			<key>productRefGroup</key>
			<string>632885D51A8B023C0032C99C</string>
			<key>projectDirPath</key>
			<string></string>
			<key>projectReferences</key>
			<array/>
			<key>projectRoot</key>
			<string></string>
			<key>targets</key>
			<array>
				<string>632885D31A8B023C0032C99C</string>
				<string>632885EC1A8B023C0032C99C</string>
			</array>
		</dict>
		<key>632885CF1A8B023C0032C99C</key>
		<dict>
			<key>buildConfigurations</key>
			<array>
				<string>632885F51A8B023C0032C99C</string>
				<string>632885F61A8B023C0032C99C</string>
			</array>
			<key>defaultConfigurationIsVisible</key>
			<string>0</string>
			<key>defaultConfigurationName</key>
			<string>Release</string>
			<key>isa</key>
			<string>XCConfigurationList</string>
		</dict>
		<key>632885D01A8B023C0032C99C</key>
		<dict>
			<key>buildActionMask</key>
			<string>2147483647</string>
			<key>files</key>
			<array>
				<string>6328860B1A8B02790032C99C</string>
				<string>63BACEB81A8DE80B0013DB6C</string>
				<string>63BACEBE1A8DE86A0013DB6C</string>
				<string>63BACEB21A8DE7C70013DB6C</string>
				<string>63BACEAF1A8DE4150013DB6C</string>
				<string>6390B44E1A8B08BE0025A64D</string>
				<string>63BACEC41A903C7C0013DB6C</string>
				<string>6390B44A1A8B06750025A64D</string>
				<string>63BACEC11A8DE89C0013DB6C</string>
				<string>632886101A8B02790032C99C</string>
				<string>63FF1C021A8C4394007C3A18</string>
				<string>63BACEA91A8C7E7B0013DB6C</string>
				<string>63BACEAC1A8DDFA70013DB6C</string>
				<string>6390B4541A8B0B760025A64D</string>
				<string>63BACEC71A903D9F0013DB6C</string>
				<string>6390B45E1A8B44FE0025A64D</string>
				<string>6328860A1A8B02790032C99C</string>
				<string>63BACEBB1A8DE8450013DB6C</string>
				<string>6390B4511A8B0AEE0025A64D</string>
				<string>63BACEB51A8DE7DB0013DB6C</string>
				<string>63BACEA61A8C7CF10013DB6C</string>
				<string>6390B43D1A8B05A40025A64D</string>
			</array>
			<key>isa</key>
			<string>PBXSourcesBuildPhase</string>
			<key>runOnlyForDeploymentPostprocessing</key>
			<string>0</string>
		</dict>
		<key>632885D11A8B023C0032C99C</key>
		<dict>
			<key>buildActionMask</key>
			<string>2147483647</string>
			<key>files</key>
			<array>
				<string>77B27DC368BB62974F4FF2F5</string>
			</array>
			<key>isa</key>
			<string>PBXFrameworksBuildPhase</string>
			<key>runOnlyForDeploymentPostprocessing</key>
			<string>0</string>
		</dict>
		<key>632885D21A8B023C0032C99C</key>
		<dict>
			<key>buildActionMask</key>
			<string>2147483647</string>
			<key>files</key>
			<array>
				<string>6328860F1A8B02790032C99C</string>
				<string>6328860C1A8B02790032C99C</string>
				<string>6328860D1A8B02790032C99C</string>
				<string>6390B4571A8B0E000025A64D</string>
				<string>6390B45B1A8B40F00025A64D</string>
				<string>6328860E1A8B02790032C99C</string>
			</array>
			<key>isa</key>
			<string>PBXResourcesBuildPhase</string>
			<key>runOnlyForDeploymentPostprocessing</key>
			<string>0</string>
		</dict>
		<key>632885D31A8B023C0032C99C</key>
		<dict>
			<key>buildConfigurationList</key>
			<string>632885F71A8B023C0032C99C</string>
			<key>buildPhases</key>
			<array>
				<string>A70987A283FFC4BFCF3D9680</string>
				<string>632885D01A8B023C0032C99C</string>
				<string>632885D11A8B023C0032C99C</string>
				<string>632885D21A8B023C0032C99C</string>
				<string>2658D54CF09C62F636CC2BF1</string>
			</array>
			<key>buildRules</key>
			<array/>
			<key>dependencies</key>
			<array/>
			<key>isa</key>
			<string>PBXNativeTarget</string>
			<key>name</key>
			<string>PonyChatUI</string>
			<key>productName</key>
			<string>PonyChatUI</string>
			<key>productReference</key>
			<string>632885D41A8B023C0032C99C</string>
			<key>productType</key>
			<string>com.apple.product-type.application</string>
		</dict>
		<key>632885D41A8B023C0032C99C</key>
		<dict>
			<key>explicitFileType</key>
			<string>wrapper.application</string>
			<key>includeInIndex</key>
			<string>0</string>
			<key>isa</key>
			<string>PBXFileReference</string>
			<key>path</key>
			<string>PonyChatUI.app</string>
			<key>sourceTree</key>
			<string>BUILT_PRODUCTS_DIR</string>
		</dict>
		<key>632885D51A8B023C0032C99C</key>
		<dict>
			<key>children</key>
			<array>
				<string>632885D41A8B023C0032C99C</string>
				<string>632885ED1A8B023C0032C99C</string>
			</array>
			<key>isa</key>
			<string>PBXGroup</string>
			<key>name</key>
			<string>Products</string>
			<key>sourceTree</key>
			<string>&lt;group&gt;</string>
		</dict>
		<key>632885E91A8B023C0032C99C</key>
		<dict>
			<key>buildActionMask</key>
			<string>2147483647</string>
			<key>files</key>
			<array>
				<string>632885F41A8B023C0032C99C</string>
			</array>
			<key>isa</key>
			<string>PBXSourcesBuildPhase</string>
			<key>runOnlyForDeploymentPostprocessing</key>
			<string>0</string>
		</dict>
		<key>632885EA1A8B023C0032C99C</key>
		<dict>
			<key>buildActionMask</key>
			<string>2147483647</string>
			<key>files</key>
			<array/>
			<key>isa</key>
			<string>PBXFrameworksBuildPhase</string>
			<key>runOnlyForDeploymentPostprocessing</key>
			<string>0</string>
		</dict>
		<key>632885EB1A8B023C0032C99C</key>
		<dict>
			<key>buildActionMask</key>
			<string>2147483647</string>
			<key>files</key>
			<array/>
			<key>isa</key>
			<string>PBXResourcesBuildPhase</string>
			<key>runOnlyForDeploymentPostprocessing</key>
			<string>0</string>
		</dict>
		<key>632885EC1A8B023C0032C99C</key>
		<dict>
			<key>buildConfigurationList</key>
			<string>632885FA1A8B023C0032C99C</string>
			<key>buildPhases</key>
			<array>
				<string>632885E91A8B023C0032C99C</string>
				<string>632885EA1A8B023C0032C99C</string>
				<string>632885EB1A8B023C0032C99C</string>
			</array>
			<key>buildRules</key>
			<array/>
			<key>dependencies</key>
			<array>
				<string>632885EF1A8B023C0032C99C</string>
			</array>
			<key>isa</key>
			<string>PBXNativeTarget</string>
			<key>name</key>
			<string>PonyChatUITests</string>
			<key>productName</key>
			<string>PonyChatUITests</string>
			<key>productReference</key>
			<string>632885ED1A8B023C0032C99C</string>
			<key>productType</key>
			<string>com.apple.product-type.bundle.unit-test</string>
		</dict>
		<key>632885ED1A8B023C0032C99C</key>
		<dict>
			<key>explicitFileType</key>
			<string>wrapper.cfbundle</string>
			<key>includeInIndex</key>
			<string>0</string>
			<key>isa</key>
			<string>PBXFileReference</string>
			<key>path</key>
			<string>PonyChatUITests.xctest</string>
			<key>sourceTree</key>
			<string>BUILT_PRODUCTS_DIR</string>
		</dict>
		<key>632885EE1A8B023C0032C99C</key>
		<dict>
			<key>containerPortal</key>
			<string>632885CC1A8B023C0032C99C</string>
			<key>isa</key>
			<string>PBXContainerItemProxy</string>
			<key>proxyType</key>
			<string>1</string>
			<key>remoteGlobalIDString</key>
			<string>632885D31A8B023C0032C99C</string>
			<key>remoteInfo</key>
			<string>PonyChatUI</string>
		</dict>
		<key>632885EF1A8B023C0032C99C</key>
		<dict>
			<key>isa</key>
			<string>PBXTargetDependency</string>
			<key>target</key>
			<string>632885D31A8B023C0032C99C</string>
			<key>targetProxy</key>
			<string>632885EE1A8B023C0032C99C</string>
		</dict>
		<key>632885F01A8B023C0032C99C</key>
		<dict>
			<key>children</key>
			<array>
				<string>632885F31A8B023C0032C99C</string>
				<string>632885F11A8B023C0032C99C</string>
			</array>
			<key>isa</key>
			<string>PBXGroup</string>
			<key>path</key>
			<string>PonyChatUITests</string>
			<key>sourceTree</key>
			<string>&lt;group&gt;</string>
		</dict>
		<key>632885F11A8B023C0032C99C</key>
		<dict>
			<key>children</key>
			<array>
				<string>632885F21A8B023C0032C99C</string>
			</array>
			<key>isa</key>
			<string>PBXGroup</string>
			<key>name</key>
			<string>Supporting Files</string>
			<key>sourceTree</key>
			<string>&lt;group&gt;</string>
		</dict>
		<key>632885F21A8B023C0032C99C</key>
		<dict>
			<key>isa</key>
			<string>PBXFileReference</string>
			<key>lastKnownFileType</key>
			<string>text.plist.xml</string>
			<key>path</key>
			<string>Info.plist</string>
			<key>sourceTree</key>
			<string>&lt;group&gt;</string>
		</dict>
		<key>632885F31A8B023C0032C99C</key>
		<dict>
			<key>isa</key>
			<string>PBXFileReference</string>
			<key>lastKnownFileType</key>
			<string>sourcecode.c.objc</string>
			<key>path</key>
			<string>PonyChatUITests.m</string>
			<key>sourceTree</key>
			<string>&lt;group&gt;</string>
		</dict>
		<key>632885F41A8B023C0032C99C</key>
		<dict>
			<key>fileRef</key>
			<string>632885F31A8B023C0032C99C</string>
			<key>isa</key>
			<string>PBXBuildFile</string>
		</dict>
		<key>632885F51A8B023C0032C99C</key>
		<dict>
			<key>buildSettings</key>
			<dict>
				<key>ALWAYS_SEARCH_USER_PATHS</key>
				<string>NO</string>
				<key>CLANG_CXX_LANGUAGE_STANDARD</key>
				<string>gnu++0x</string>
				<key>CLANG_CXX_LIBRARY</key>
				<string>libc++</string>
				<key>CLANG_ENABLE_MODULES</key>
				<string>YES</string>
				<key>CLANG_ENABLE_OBJC_ARC</key>
				<string>YES</string>
				<key>CLANG_WARN_BOOL_CONVERSION</key>
				<string>YES</string>
				<key>CLANG_WARN_CONSTANT_CONVERSION</key>
				<string>YES</string>
				<key>CLANG_WARN_DIRECT_OBJC_ISA_USAGE</key>
				<string>YES_ERROR</string>
				<key>CLANG_WARN_EMPTY_BODY</key>
				<string>YES</string>
				<key>CLANG_WARN_ENUM_CONVERSION</key>
				<string>YES</string>
				<key>CLANG_WARN_INT_CONVERSION</key>
				<string>YES</string>
				<key>CLANG_WARN_OBJC_ROOT_CLASS</key>
				<string>YES_ERROR</string>
				<key>CLANG_WARN_UNREACHABLE_CODE</key>
				<string>YES</string>
				<key>CLANG_WARN__DUPLICATE_METHOD_MATCH</key>
				<string>YES</string>
				<key>CODE_SIGN_IDENTITY[sdk=iphoneos*]</key>
				<string>iPhone Developer</string>
				<key>COPY_PHASE_STRIP</key>
				<string>NO</string>
				<key>ENABLE_STRICT_OBJC_MSGSEND</key>
				<string>YES</string>
				<key>GCC_C_LANGUAGE_STANDARD</key>
				<string>gnu99</string>
				<key>GCC_DYNAMIC_NO_PIC</key>
				<string>NO</string>
				<key>GCC_OPTIMIZATION_LEVEL</key>
				<string>0</string>
				<key>GCC_PREPROCESSOR_DEFINITIONS</key>
				<array>
					<string>DEBUG=1</string>
					<string>$(inherited)</string>
				</array>
				<key>GCC_SYMBOLS_PRIVATE_EXTERN</key>
				<string>NO</string>
				<key>GCC_WARN_64_TO_32_BIT_CONVERSION</key>
				<string>YES</string>
				<key>GCC_WARN_ABOUT_RETURN_TYPE</key>
				<string>YES_ERROR</string>
				<key>GCC_WARN_UNDECLARED_SELECTOR</key>
				<string>YES</string>
				<key>GCC_WARN_UNINITIALIZED_AUTOS</key>
				<string>YES_AGGRESSIVE</string>
				<key>GCC_WARN_UNUSED_FUNCTION</key>
				<string>YES</string>
				<key>GCC_WARN_UNUSED_VARIABLE</key>
				<string>YES</string>
				<key>IPHONEOS_DEPLOYMENT_TARGET</key>
				<string>8.1</string>
				<key>MTL_ENABLE_DEBUG_INFO</key>
				<string>YES</string>
				<key>ONLY_ACTIVE_ARCH</key>
				<string>YES</string>
				<key>SDKROOT</key>
				<string>iphoneos</string>
			</dict>
			<key>isa</key>
			<string>XCBuildConfiguration</string>
			<key>name</key>
			<string>Debug</string>
		</dict>
		<key>632885F61A8B023C0032C99C</key>
		<dict>
			<key>buildSettings</key>
			<dict>
				<key>ALWAYS_SEARCH_USER_PATHS</key>
				<string>NO</string>
				<key>CLANG_CXX_LANGUAGE_STANDARD</key>
				<string>gnu++0x</string>
				<key>CLANG_CXX_LIBRARY</key>
				<string>libc++</string>
				<key>CLANG_ENABLE_MODULES</key>
				<string>YES</string>
				<key>CLANG_ENABLE_OBJC_ARC</key>
				<string>YES</string>
				<key>CLANG_WARN_BOOL_CONVERSION</key>
				<string>YES</string>
				<key>CLANG_WARN_CONSTANT_CONVERSION</key>
				<string>YES</string>
				<key>CLANG_WARN_DIRECT_OBJC_ISA_USAGE</key>
				<string>YES_ERROR</string>
				<key>CLANG_WARN_EMPTY_BODY</key>
				<string>YES</string>
				<key>CLANG_WARN_ENUM_CONVERSION</key>
				<string>YES</string>
				<key>CLANG_WARN_INT_CONVERSION</key>
				<string>YES</string>
				<key>CLANG_WARN_OBJC_ROOT_CLASS</key>
				<string>YES_ERROR</string>
				<key>CLANG_WARN_UNREACHABLE_CODE</key>
				<string>YES</string>
				<key>CLANG_WARN__DUPLICATE_METHOD_MATCH</key>
				<string>YES</string>
				<key>CODE_SIGN_IDENTITY[sdk=iphoneos*]</key>
				<string>iPhone Developer</string>
				<key>COPY_PHASE_STRIP</key>
				<string>YES</string>
				<key>ENABLE_NS_ASSERTIONS</key>
				<string>NO</string>
				<key>ENABLE_STRICT_OBJC_MSGSEND</key>
				<string>YES</string>
				<key>GCC_C_LANGUAGE_STANDARD</key>
				<string>gnu99</string>
				<key>GCC_WARN_64_TO_32_BIT_CONVERSION</key>
				<string>YES</string>
				<key>GCC_WARN_ABOUT_RETURN_TYPE</key>
				<string>YES_ERROR</string>
				<key>GCC_WARN_UNDECLARED_SELECTOR</key>
				<string>YES</string>
				<key>GCC_WARN_UNINITIALIZED_AUTOS</key>
				<string>YES_AGGRESSIVE</string>
				<key>GCC_WARN_UNUSED_FUNCTION</key>
				<string>YES</string>
				<key>GCC_WARN_UNUSED_VARIABLE</key>
				<string>YES</string>
				<key>IPHONEOS_DEPLOYMENT_TARGET</key>
				<string>8.1</string>
				<key>MTL_ENABLE_DEBUG_INFO</key>
				<string>NO</string>
				<key>SDKROOT</key>
				<string>iphoneos</string>
				<key>VALIDATE_PRODUCT</key>
				<string>YES</string>
			</dict>
			<key>isa</key>
			<string>XCBuildConfiguration</string>
			<key>name</key>
			<string>Release</string>
		</dict>
		<key>632885F71A8B023C0032C99C</key>
		<dict>
			<key>buildConfigurations</key>
			<array>
				<string>632885F81A8B023C0032C99C</string>
				<string>632885F91A8B023C0032C99C</string>
			</array>
			<key>defaultConfigurationIsVisible</key>
			<string>0</string>
			<key>defaultConfigurationName</key>
			<string>Release</string>
			<key>isa</key>
			<string>XCConfigurationList</string>
		</dict>
		<key>632885F81A8B023C0032C99C</key>
		<dict>
			<key>baseConfigurationReference</key>
			<string>15758C1FCC6268190B5415FF</string>
			<key>buildSettings</key>
			<dict>
				<key>ASSETCATALOG_COMPILER_APPICON_NAME</key>
				<string>AppIcon</string>
				<key>ASSETCATALOG_COMPILER_LAUNCHIMAGE_NAME</key>
				<string>LaunchImage</string>
				<key>INFOPLIST_FILE</key>
				<string>$(SRCROOT)/PonyChatUIDemo/Info.plist</string>
				<key>IPHONEOS_DEPLOYMENT_TARGET</key>
				<string>7.0</string>
				<key>LD_RUNPATH_SEARCH_PATHS</key>
				<string>$(inherited) @executable_path/Frameworks</string>
				<key>PRODUCT_NAME</key>
				<string>$(TARGET_NAME)</string>
			</dict>
			<key>isa</key>
			<string>XCBuildConfiguration</string>
			<key>name</key>
			<string>Debug</string>
		</dict>
		<key>632885F91A8B023C0032C99C</key>
		<dict>
			<key>baseConfigurationReference</key>
			<string>EFFD382C3BEE47F55164881E</string>
			<key>buildSettings</key>
			<dict>
				<key>ASSETCATALOG_COMPILER_APPICON_NAME</key>
				<string>AppIcon</string>
				<key>ASSETCATALOG_COMPILER_LAUNCHIMAGE_NAME</key>
				<string>LaunchImage</string>
				<key>INFOPLIST_FILE</key>
				<string>$(SRCROOT)/PonyChatUIDemo/Info.plist</string>
				<key>IPHONEOS_DEPLOYMENT_TARGET</key>
				<string>7.0</string>
				<key>LD_RUNPATH_SEARCH_PATHS</key>
				<string>$(inherited) @executable_path/Frameworks</string>
				<key>PRODUCT_NAME</key>
				<string>$(TARGET_NAME)</string>
			</dict>
			<key>isa</key>
			<string>XCBuildConfiguration</string>
			<key>name</key>
			<string>Release</string>
		</dict>
		<key>632885FA1A8B023C0032C99C</key>
		<dict>
			<key>buildConfigurations</key>
			<array>
				<string>632885FB1A8B023C0032C99C</string>
				<string>632885FC1A8B023C0032C99C</string>
			</array>
			<key>defaultConfigurationIsVisible</key>
			<string>0</string>
			<key>defaultConfigurationName</key>
			<string>Release</string>
			<key>isa</key>
			<string>XCConfigurationList</string>
		</dict>
		<key>632885FB1A8B023C0032C99C</key>
		<dict>
			<key>buildSettings</key>
			<dict>
				<key>BUNDLE_LOADER</key>
				<string>$(TEST_HOST)</string>
				<key>FRAMEWORK_SEARCH_PATHS</key>
				<array>
					<string>$(SDKROOT)/Developer/Library/Frameworks</string>
					<string>$(inherited)</string>
				</array>
				<key>GCC_PREPROCESSOR_DEFINITIONS</key>
				<array>
					<string>DEBUG=1</string>
					<string>$(inherited)</string>
				</array>
				<key>INFOPLIST_FILE</key>
				<string>PonyChatUITests/Info.plist</string>
				<key>LD_RUNPATH_SEARCH_PATHS</key>
				<string>$(inherited) @executable_path/Frameworks @loader_path/Frameworks</string>
				<key>PRODUCT_NAME</key>
				<string>$(TARGET_NAME)</string>
				<key>TEST_HOST</key>
				<string>$(BUILT_PRODUCTS_DIR)/PonyChatUI.app/PonyChatUI</string>
			</dict>
			<key>isa</key>
			<string>XCBuildConfiguration</string>
			<key>name</key>
			<string>Debug</string>
		</dict>
		<key>632885FC1A8B023C0032C99C</key>
		<dict>
			<key>buildSettings</key>
			<dict>
				<key>BUNDLE_LOADER</key>
				<string>$(TEST_HOST)</string>
				<key>FRAMEWORK_SEARCH_PATHS</key>
				<array>
					<string>$(SDKROOT)/Developer/Library/Frameworks</string>
					<string>$(inherited)</string>
				</array>
				<key>INFOPLIST_FILE</key>
				<string>PonyChatUITests/Info.plist</string>
				<key>LD_RUNPATH_SEARCH_PATHS</key>
				<string>$(inherited) @executable_path/Frameworks @loader_path/Frameworks</string>
				<key>PRODUCT_NAME</key>
				<string>$(TARGET_NAME)</string>
				<key>TEST_HOST</key>
				<string>$(BUILT_PRODUCTS_DIR)/PonyChatUI.app/PonyChatUI</string>
			</dict>
			<key>isa</key>
			<string>XCBuildConfiguration</string>
			<key>name</key>
			<string>Release</string>
		</dict>
		<key>632885FD1A8B025D0032C99C</key>
		<dict>
			<key>children</key>
			<array>
				<string>632885FE1A8B02790032C99C</string>
				<string>632885FF1A8B02790032C99C</string>
				<string>632886001A8B02790032C99C</string>
				<string>632886011A8B02790032C99C</string>
				<string>632886021A8B02790032C99C</string>
				<string>632886031A8B02790032C99C</string>
				<string>632886081A8B02790032C99C</string>
				<string>632886091A8B02790032C99C</string>
			</array>
			<key>isa</key>
			<string>PBXGroup</string>
			<key>path</key>
			<string>PonyChatUIDemo</string>
			<key>sourceTree</key>
			<string>&lt;group&gt;</string>
		</dict>
		<key>632885FE1A8B02790032C99C</key>
		<dict>
			<key>fileEncoding</key>
			<string>4</string>
			<key>isa</key>
			<string>PBXFileReference</string>
			<key>lastKnownFileType</key>
			<string>sourcecode.c.objc</string>
			<key>path</key>
			<string>ViewController.m</string>
			<key>sourceTree</key>
			<string>&lt;group&gt;</string>
		</dict>
		<key>632885FF1A8B02790032C99C</key>
		<dict>
			<key>fileEncoding</key>
			<string>4</string>
			<key>isa</key>
			<string>PBXFileReference</string>
			<key>lastKnownFileType</key>
			<string>sourcecode.c.h</string>
			<key>path</key>
			<string>ViewController.h</string>
			<key>sourceTree</key>
			<string>&lt;group&gt;</string>
		</dict>
		<key>632886001A8B02790032C99C</key>
		<dict>
			<key>fileEncoding</key>
			<string>4</string>
			<key>isa</key>
			<string>PBXFileReference</string>
			<key>lastKnownFileType</key>
			<string>sourcecode.c.objc</string>
			<key>path</key>
			<string>main.m</string>
			<key>sourceTree</key>
			<string>&lt;group&gt;</string>
		</dict>
		<key>632886011A8B02790032C99C</key>
		<dict>
			<key>fileEncoding</key>
			<string>4</string>
			<key>isa</key>
			<string>PBXFileReference</string>
			<key>lastKnownFileType</key>
			<string>text.plist.xml</string>
			<key>path</key>
			<string>Info.plist</string>
			<key>sourceTree</key>
			<string>&lt;group&gt;</string>
		</dict>
		<key>632886021A8B02790032C99C</key>
		<dict>
			<key>isa</key>
			<string>PBXFileReference</string>
			<key>lastKnownFileType</key>
			<string>folder.assetcatalog</string>
			<key>path</key>
			<string>Images.xcassets</string>
			<key>sourceTree</key>
			<string>&lt;group&gt;</string>
		</dict>
		<key>632886031A8B02790032C99C</key>
		<dict>
			<key>children</key>
			<array>
				<string>632886041A8B02790032C99C</string>
				<string>632886061A8B02790032C99C</string>
			</array>
			<key>isa</key>
			<string>PBXGroup</string>
			<key>path</key>
			<string>Base.lproj</string>
			<key>sourceTree</key>
			<string>&lt;group&gt;</string>
		</dict>
		<key>632886041A8B02790032C99C</key>
		<dict>
			<key>children</key>
			<array>
				<string>632886051A8B02790032C99C</string>
			</array>
			<key>isa</key>
			<string>PBXVariantGroup</string>
			<key>name</key>
			<string>LaunchScreen.xib</string>
			<key>sourceTree</key>
			<string>&lt;group&gt;</string>
		</dict>
		<key>632886051A8B02790032C99C</key>
		<dict>
			<key>isa</key>
			<string>PBXFileReference</string>
			<key>lastKnownFileType</key>
			<string>file.xib</string>
			<key>name</key>
			<string>Base</string>
			<key>path</key>
			<string>LaunchScreen.xib</string>
			<key>sourceTree</key>
			<string>&lt;group&gt;</string>
		</dict>
		<key>632886061A8B02790032C99C</key>
		<dict>
			<key>children</key>
			<array>
				<string>632886071A8B02790032C99C</string>
			</array>
			<key>isa</key>
			<string>PBXVariantGroup</string>
			<key>name</key>
			<string>Main.storyboard</string>
			<key>sourceTree</key>
			<string>&lt;group&gt;</string>
		</dict>
		<key>632886071A8B02790032C99C</key>
		<dict>
			<key>isa</key>
			<string>PBXFileReference</string>
			<key>lastKnownFileType</key>
			<string>file.storyboard</string>
			<key>name</key>
			<string>Base</string>
			<key>path</key>
			<string>Main.storyboard</string>
			<key>sourceTree</key>
			<string>&lt;group&gt;</string>
		</dict>
		<key>632886081A8B02790032C99C</key>
		<dict>
			<key>fileEncoding</key>
			<string>4</string>
			<key>isa</key>
			<string>PBXFileReference</string>
			<key>lastKnownFileType</key>
			<string>sourcecode.c.objc</string>
			<key>path</key>
			<string>AppDelegate.m</string>
			<key>sourceTree</key>
			<string>&lt;group&gt;</string>
		</dict>
		<key>632886091A8B02790032C99C</key>
		<dict>
			<key>fileEncoding</key>
			<string>4</string>
			<key>isa</key>
			<string>PBXFileReference</string>
			<key>lastKnownFileType</key>
			<string>sourcecode.c.h</string>
			<key>path</key>
			<string>AppDelegate.h</string>
			<key>sourceTree</key>
			<string>&lt;group&gt;</string>
		</dict>
		<key>6328860A1A8B02790032C99C</key>
		<dict>
			<key>fileRef</key>
			<string>632885FE1A8B02790032C99C</string>
			<key>isa</key>
			<string>PBXBuildFile</string>
		</dict>
		<key>6328860B1A8B02790032C99C</key>
		<dict>
			<key>fileRef</key>
			<string>632886001A8B02790032C99C</string>
			<key>isa</key>
			<string>PBXBuildFile</string>
		</dict>
		<key>6328860C1A8B02790032C99C</key>
		<dict>
			<key>fileRef</key>
			<string>632886011A8B02790032C99C</string>
			<key>isa</key>
			<string>PBXBuildFile</string>
		</dict>
		<key>6328860D1A8B02790032C99C</key>
		<dict>
			<key>fileRef</key>
			<string>632886021A8B02790032C99C</string>
			<key>isa</key>
			<string>PBXBuildFile</string>
		</dict>
		<key>6328860E1A8B02790032C99C</key>
		<dict>
			<key>fileRef</key>
			<string>632886041A8B02790032C99C</string>
			<key>isa</key>
			<string>PBXBuildFile</string>
		</dict>
		<key>6328860F1A8B02790032C99C</key>
		<dict>
			<key>fileRef</key>
			<string>632886061A8B02790032C99C</string>
			<key>isa</key>
			<string>PBXBuildFile</string>
		</dict>
		<key>632886101A8B02790032C99C</key>
		<dict>
			<key>fileRef</key>
			<string>632886081A8B02790032C99C</string>
			<key>isa</key>
			<string>PBXBuildFile</string>
		</dict>
		<key>632886111A8B02930032C99C</key>
		<dict>
			<key>children</key>
			<array>
				<string>6390B4551A8B0DEC0025A64D</string>
				<string>6390B43F1A8B06380025A64D</string>
				<string>6390B43B1A8B05A40025A64D</string>
				<string>6390B43C1A8B05A40025A64D</string>
				<string>6390B43E1A8B05B50025A64D</string>
			</array>
			<key>isa</key>
			<string>PBXGroup</string>
			<key>path</key>
			<string>PonyChatUI</string>
			<key>sourceTree</key>
			<string>&lt;group&gt;</string>
		</dict>
		<key>6390B43B1A8B05A40025A64D</key>
		<dict>
			<key>fileEncoding</key>
			<string>4</string>
			<key>isa</key>
			<string>PBXFileReference</string>
			<key>lastKnownFileType</key>
			<string>sourcecode.c.h</string>
			<key>path</key>
			<string>PCUApplication.h</string>
			<key>sourceTree</key>
			<string>&lt;group&gt;</string>
		</dict>
		<key>6390B43C1A8B05A40025A64D</key>
		<dict>
			<key>fileEncoding</key>
			<string>4</string>
			<key>isa</key>
			<string>PBXFileReference</string>
			<key>lastKnownFileType</key>
			<string>sourcecode.c.objc</string>
			<key>path</key>
			<string>PCUApplication.m</string>
			<key>sourceTree</key>
			<string>&lt;group&gt;</string>
		</dict>
		<key>6390B43D1A8B05A40025A64D</key>
		<dict>
			<key>fileRef</key>
			<string>6390B43C1A8B05A40025A64D</string>
			<key>isa</key>
			<string>PBXBuildFile</string>
		</dict>
		<key>6390B43E1A8B05B50025A64D</key>
		<dict>
			<key>fileEncoding</key>
			<string>4</string>
			<key>isa</key>
			<string>PBXFileReference</string>
			<key>lastKnownFileType</key>
			<string>sourcecode.c.h</string>
			<key>path</key>
			<string>PCUProtocols.h</string>
			<key>sourceTree</key>
			<string>&lt;group&gt;</string>
		</dict>
		<key>6390B43F1A8B06380025A64D</key>
		<dict>
			<key>children</key>
			<array>
				<string>6390B4401A8B06380025A64D</string>
				<string>6390B4431A8B06380025A64D</string>
			</array>
			<key>isa</key>
			<string>PBXGroup</string>
			<key>path</key>
			<string>Classes</string>
			<key>sourceTree</key>
			<string>&lt;group&gt;</string>
		</dict>
		<key>6390B4401A8B06380025A64D</key>
		<dict>
			<key>children</key>
			<array>
				<string>63BACEA31A8C7CE40013DB6C</string>
				<string>6390B44B1A8B08B20025A64D</string>
				<string>6390B4411A8B06380025A64D</string>
				<string>6390B4421A8B06380025A64D</string>
			</array>
			<key>isa</key>
			<string>PBXGroup</string>
			<key>path</key>
			<string>Application Logic</string>
			<key>sourceTree</key>
			<string>&lt;group&gt;</string>
		</dict>
		<key>6390B4411A8B06380025A64D</key>
		<dict>
			<key>children</key>
			<array>
				<string>63BACEC51A903D9F0013DB6C</string>
				<string>63BACEC61A903D9F0013DB6C</string>
				<string>63BACEAA1A8DDFA70013DB6C</string>
				<string>63BACEAB1A8DDFA70013DB6C</string>
				<string>63BACEAD1A8DE4150013DB6C</string>
				<string>63BACEAE1A8DE4150013DB6C</string>
			</array>
			<key>isa</key>
			<string>PBXGroup</string>
			<key>path</key>
			<string>Entity</string>
			<key>sourceTree</key>
			<string>&lt;group&gt;</string>
		</dict>
		<key>6390B4421A8B06380025A64D</key>
		<dict>
			<key>children</key>
			<array>
				<string>63BACEA71A8C7E7B0013DB6C</string>
				<string>63BACEA81A8C7E7B0013DB6C</string>
				<string>63BACEC21A903C7C0013DB6C</string>
				<string>63BACEC31A903C7C0013DB6C</string>
			</array>
			<key>isa</key>
			<string>PBXGroup</string>
			<key>path</key>
			<string>Manager</string>
			<key>sourceTree</key>
			<string>&lt;group&gt;</string>
		</dict>
		<key>6390B4431A8B06380025A64D</key>
		<dict>
			<key>children</key>
			<array>
				<string>6390B4471A8B06630025A64D</string>
				<string>6390B4441A8B06380025A64D</string>
				<string>6390B4451A8B06380025A64D</string>
				<string>6390B4461A8B06380025A64D</string>
			</array>
			<key>isa</key>
			<string>PBXGroup</string>
			<key>path</key>
			<string>User Interface</string>
			<key>sourceTree</key>
			<string>&lt;group&gt;</string>
		</dict>
		<key>6390B4441A8B06380025A64D</key>
		<dict>
			<key>children</key>
			<array>
				<string>63BACEB31A8DE7DB0013DB6C</string>
				<string>63BACEB41A8DE7DB0013DB6C</string>
				<string>63BACEB91A8DE8450013DB6C</string>
				<string>63BACEBA1A8DE8450013DB6C</string>
				<string>63BACEB01A8DE7C70013DB6C</string>
				<string>63BACEB11A8DE7C70013DB6C</string>
			</array>
			<key>isa</key>
			<string>PBXGroup</string>
			<key>path</key>
			<string>Interactor</string>
			<key>sourceTree</key>
			<string>&lt;group&gt;</string>
		</dict>
		<key>6390B4451A8B06380025A64D</key>
		<dict>
			<key>children</key>
			<array>
				<string>6390B4521A8B0B760025A64D</string>
				<string>6390B4531A8B0B760025A64D</string>
				<string>63BACEBC1A8DE86A0013DB6C</string>
				<string>63BACEBD1A8DE86A0013DB6C</string>
				<string>63BACEB61A8DE80B0013DB6C</string>
				<string>63BACEB71A8DE80B0013DB6C</string>
			</array>
			<key>isa</key>
			<string>PBXGroup</string>
			<key>path</key>
			<string>Presenter</string>
			<key>sourceTree</key>
			<string>&lt;group&gt;</string>
		</dict>
		<key>6390B4461A8B06380025A64D</key>
		<dict>
			<key>children</key>
			<array>
				<string>6390B44F1A8B0AEE0025A64D</string>
				<string>6390B4501A8B0AEE0025A64D</string>
				<string>6390B45C1A8B44FE0025A64D</string>
				<string>6390B45D1A8B44FE0025A64D</string>
				<string>63BACEBF1A8DE89C0013DB6C</string>
				<string>63BACEC01A8DE89C0013DB6C</string>
				<string>63FF1C001A8C4394007C3A18</string>
				<string>63FF1C011A8C4394007C3A18</string>
			</array>
			<key>isa</key>
			<string>PBXGroup</string>
			<key>path</key>
			<string>View</string>
			<key>sourceTree</key>
			<string>&lt;group&gt;</string>
		</dict>
		<key>6390B4471A8B06630025A64D</key>
		<dict>
			<key>children</key>
			<array>
				<string>6390B4481A8B06750025A64D</string>
				<string>6390B4491A8B06750025A64D</string>
			</array>
			<key>isa</key>
			<string>PBXGroup</string>
			<key>path</key>
			<string>Wireframe</string>
			<key>sourceTree</key>
			<string>&lt;group&gt;</string>
		</dict>
		<key>6390B4481A8B06750025A64D</key>
		<dict>
			<key>fileEncoding</key>
			<string>4</string>
			<key>isa</key>
			<string>PBXFileReference</string>
			<key>lastKnownFileType</key>
			<string>sourcecode.c.h</string>
			<key>path</key>
			<string>PCUWireframe.h</string>
			<key>sourceTree</key>
			<string>&lt;group&gt;</string>
		</dict>
		<key>6390B4491A8B06750025A64D</key>
		<dict>
			<key>fileEncoding</key>
			<string>4</string>
			<key>isa</key>
			<string>PBXFileReference</string>
			<key>lastKnownFileType</key>
			<string>sourcecode.c.objc</string>
			<key>path</key>
			<string>PCUWireframe.m</string>
			<key>sourceTree</key>
			<string>&lt;group&gt;</string>
		</dict>
		<key>6390B44A1A8B06750025A64D</key>
		<dict>
			<key>fileRef</key>
			<string>6390B4491A8B06750025A64D</string>
			<key>isa</key>
			<string>PBXBuildFile</string>
		</dict>
		<key>6390B44B1A8B08B20025A64D</key>
		<dict>
			<key>children</key>
			<array>
				<string>6390B44C1A8B08BE0025A64D</string>
				<string>6390B44D1A8B08BE0025A64D</string>
			</array>
			<key>isa</key>
			<string>PBXGroup</string>
			<key>path</key>
			<string>Core</string>
			<key>sourceTree</key>
			<string>&lt;group&gt;</string>
		</dict>
		<key>6390B44C1A8B08BE0025A64D</key>
		<dict>
			<key>fileEncoding</key>
			<string>4</string>
			<key>isa</key>
			<string>PBXFileReference</string>
			<key>lastKnownFileType</key>
			<string>sourcecode.c.h</string>
			<key>path</key>
			<string>PCUCore.h</string>
			<key>sourceTree</key>
			<string>&lt;group&gt;</string>
		</dict>
		<key>6390B44D1A8B08BE0025A64D</key>
		<dict>
			<key>fileEncoding</key>
			<string>4</string>
			<key>isa</key>
			<string>PBXFileReference</string>
			<key>lastKnownFileType</key>
			<string>sourcecode.c.objc</string>
			<key>path</key>
			<string>PCUCore.m</string>
			<key>sourceTree</key>
			<string>&lt;group&gt;</string>
		</dict>
		<key>6390B44E1A8B08BE0025A64D</key>
		<dict>
			<key>fileRef</key>
			<string>6390B44D1A8B08BE0025A64D</string>
			<key>isa</key>
			<string>PBXBuildFile</string>
		</dict>
		<key>6390B44F1A8B0AEE0025A64D</key>
		<dict>
			<key>fileEncoding</key>
			<string>4</string>
			<key>isa</key>
			<string>PBXFileReference</string>
			<key>lastKnownFileType</key>
			<string>sourcecode.c.h</string>
			<key>path</key>
			<string>PCUChatViewController.h</string>
			<key>sourceTree</key>
			<string>&lt;group&gt;</string>
		</dict>
		<key>6390B4501A8B0AEE0025A64D</key>
		<dict>
			<key>fileEncoding</key>
			<string>4</string>
			<key>isa</key>
			<string>PBXFileReference</string>
			<key>lastKnownFileType</key>
			<string>sourcecode.c.objc</string>
			<key>path</key>
			<string>PCUChatViewController.m</string>
			<key>sourceTree</key>
			<string>&lt;group&gt;</string>
		</dict>
		<key>6390B4511A8B0AEE0025A64D</key>
		<dict>
			<key>fileRef</key>
			<string>6390B4501A8B0AEE0025A64D</string>
			<key>isa</key>
			<string>PBXBuildFile</string>
		</dict>
		<key>6390B4521A8B0B760025A64D</key>
		<dict>
			<key>fileEncoding</key>
			<string>4</string>
			<key>isa</key>
			<string>PBXFileReference</string>
			<key>lastKnownFileType</key>
			<string>sourcecode.c.h</string>
			<key>path</key>
			<string>PCUChatPresenter.h</string>
			<key>sourceTree</key>
			<string>&lt;group&gt;</string>
		</dict>
		<key>6390B4531A8B0B760025A64D</key>
		<dict>
			<key>fileEncoding</key>
			<string>4</string>
			<key>isa</key>
			<string>PBXFileReference</string>
			<key>lastKnownFileType</key>
			<string>sourcecode.c.objc</string>
			<key>path</key>
			<string>PCUChatPresenter.m</string>
			<key>sourceTree</key>
			<string>&lt;group&gt;</string>
		</dict>
		<key>6390B4541A8B0B760025A64D</key>
		<dict>
			<key>fileRef</key>
			<string>6390B4531A8B0B760025A64D</string>
			<key>isa</key>
			<string>PBXBuildFile</string>
		</dict>
		<key>6390B4551A8B0DEC0025A64D</key>
		<dict>
			<key>children</key>
			<array>
				<string>6390B4561A8B0E000025A64D</string>
				<string>6390B45A1A8B40F00025A64D</string>
			</array>
			<key>isa</key>
			<string>PBXGroup</string>
			<key>path</key>
			<string>Resources</string>
			<key>sourceTree</key>
			<string>&lt;group&gt;</string>
		</dict>
		<key>6390B4561A8B0E000025A64D</key>
		<dict>
			<key>fileEncoding</key>
			<string>4</string>
			<key>isa</key>
			<string>PBXFileReference</string>
			<key>lastKnownFileType</key>
			<string>file.storyboard</string>
			<key>path</key>
			<string>PCUStoryBoard.storyboard</string>
			<key>sourceTree</key>
			<string>&lt;group&gt;</string>
		</dict>
		<key>6390B4571A8B0E000025A64D</key>
		<dict>
			<key>fileRef</key>
			<string>6390B4561A8B0E000025A64D</string>
			<key>isa</key>
			<string>PBXBuildFile</string>
		</dict>
		<key>6390B45A1A8B40F00025A64D</key>
		<dict>
			<key>isa</key>
			<string>PBXFileReference</string>
			<key>lastKnownFileType</key>
			<string>folder.assetcatalog</string>
			<key>path</key>
			<string>PCUImages.xcassets</string>
			<key>sourceTree</key>
			<string>&lt;group&gt;</string>
		</dict>
		<key>6390B45B1A8B40F00025A64D</key>
		<dict>
			<key>fileRef</key>
			<string>6390B45A1A8B40F00025A64D</string>
			<key>isa</key>
			<string>PBXBuildFile</string>
		</dict>
		<key>6390B45C1A8B44FE0025A64D</key>
		<dict>
			<key>fileEncoding</key>
			<string>4</string>
			<key>isa</key>
			<string>PBXFileReference</string>
			<key>lastKnownFileType</key>
			<string>sourcecode.c.h</string>
			<key>path</key>
			<string>PCUToolViewController.h</string>
			<key>sourceTree</key>
			<string>&lt;group&gt;</string>
		</dict>
		<key>6390B45D1A8B44FE0025A64D</key>
		<dict>
			<key>fileEncoding</key>
			<string>4</string>
			<key>isa</key>
			<string>PBXFileReference</string>
			<key>lastKnownFileType</key>
			<string>sourcecode.c.objc</string>
			<key>path</key>
			<string>PCUToolViewController.m</string>
			<key>sourceTree</key>
			<string>&lt;group&gt;</string>
		</dict>
		<key>6390B45E1A8B44FE0025A64D</key>
		<dict>
			<key>fileRef</key>
			<string>6390B45D1A8B44FE0025A64D</string>
			<key>isa</key>
			<string>PBXBuildFile</string>
		</dict>
		<key>63BACEA31A8C7CE40013DB6C</key>
		<dict>
			<key>children</key>
			<array>
				<string>63BACEA41A8C7CF10013DB6C</string>
				<string>63BACEA51A8C7CF10013DB6C</string>
			</array>
			<key>isa</key>
			<string>PBXGroup</string>
			<key>path</key>
			<string>Configure</string>
			<key>sourceTree</key>
			<string>&lt;group&gt;</string>
		</dict>
		<key>63BACEA41A8C7CF10013DB6C</key>
		<dict>
			<key>fileEncoding</key>
			<string>4</string>
			<key>isa</key>
			<string>PBXFileReference</string>
			<key>lastKnownFileType</key>
			<string>sourcecode.c.h</string>
			<key>path</key>
			<string>PCUAttributedStringConfigure.h</string>
			<key>sourceTree</key>
			<string>&lt;group&gt;</string>
		</dict>
		<key>63BACEA51A8C7CF10013DB6C</key>
		<dict>
			<key>fileEncoding</key>
			<string>4</string>
			<key>isa</key>
			<string>PBXFileReference</string>
			<key>lastKnownFileType</key>
			<string>sourcecode.c.objc</string>
			<key>path</key>
			<string>PCUAttributedStringConfigure.m</string>
			<key>sourceTree</key>
			<string>&lt;group&gt;</string>
		</dict>
		<key>63BACEA61A8C7CF10013DB6C</key>
		<dict>
			<key>fileRef</key>
			<string>63BACEA51A8C7CF10013DB6C</string>
			<key>isa</key>
			<string>PBXBuildFile</string>
		</dict>
		<key>63BACEA71A8C7E7B0013DB6C</key>
		<dict>
			<key>fileEncoding</key>
			<string>4</string>
			<key>isa</key>
			<string>PBXFileReference</string>
			<key>lastKnownFileType</key>
			<string>sourcecode.c.h</string>
			<key>path</key>
			<string>PCUAttributedStringManager.h</string>
			<key>sourceTree</key>
			<string>&lt;group&gt;</string>
		</dict>
		<key>63BACEA81A8C7E7B0013DB6C</key>
		<dict>
			<key>fileEncoding</key>
			<string>4</string>
			<key>isa</key>
			<string>PBXFileReference</string>
			<key>lastKnownFileType</key>
			<string>sourcecode.c.objc</string>
			<key>path</key>
			<string>PCUAttributedStringManager.m</string>
			<key>sourceTree</key>
			<string>&lt;group&gt;</string>
		</dict>
		<key>63BACEA91A8C7E7B0013DB6C</key>
		<dict>
			<key>fileRef</key>
			<string>63BACEA81A8C7E7B0013DB6C</string>
			<key>isa</key>
			<string>PBXBuildFile</string>
		</dict>
		<key>63BACEAA1A8DDFA70013DB6C</key>
		<dict>
			<key>fileEncoding</key>
			<string>4</string>
			<key>isa</key>
			<string>PBXFileReference</string>
			<key>lastKnownFileType</key>
			<string>sourcecode.c.h</string>
			<key>path</key>
			<string>PCUMessage.h</string>
			<key>sourceTree</key>
			<string>&lt;group&gt;</string>
		</dict>
		<key>63BACEAB1A8DDFA70013DB6C</key>
		<dict>
			<key>fileEncoding</key>
			<string>4</string>
			<key>isa</key>
			<string>PBXFileReference</string>
			<key>lastKnownFileType</key>
			<string>sourcecode.c.objc</string>
			<key>path</key>
			<string>PCUMessage.m</string>
			<key>sourceTree</key>
			<string>&lt;group&gt;</string>
		</dict>
		<key>63BACEAC1A8DDFA70013DB6C</key>
		<dict>
			<key>fileRef</key>
			<string>63BACEAB1A8DDFA70013DB6C</string>
			<key>isa</key>
			<string>PBXBuildFile</string>
		</dict>
		<key>63BACEAD1A8DE4150013DB6C</key>
		<dict>
			<key>fileEncoding</key>
			<string>4</string>
			<key>isa</key>
			<string>PBXFileReference</string>
			<key>lastKnownFileType</key>
			<string>sourcecode.c.h</string>
			<key>path</key>
			<string>PCUSender.h</string>
			<key>sourceTree</key>
			<string>&lt;group&gt;</string>
		</dict>
		<key>63BACEAE1A8DE4150013DB6C</key>
		<dict>
			<key>fileEncoding</key>
			<string>4</string>
			<key>isa</key>
			<string>PBXFileReference</string>
			<key>lastKnownFileType</key>
			<string>sourcecode.c.objc</string>
			<key>path</key>
			<string>PCUSender.m</string>
			<key>sourceTree</key>
			<string>&lt;group&gt;</string>
		</dict>
		<key>63BACEAF1A8DE4150013DB6C</key>
		<dict>
			<key>fileRef</key>
			<string>63BACEAE1A8DE4150013DB6C</string>
			<key>isa</key>
			<string>PBXBuildFile</string>
		</dict>
		<key>63BACEB01A8DE7C70013DB6C</key>
		<dict>
			<key>fileEncoding</key>
			<string>4</string>
			<key>isa</key>
			<string>PBXFileReference</string>
			<key>lastKnownFileType</key>
			<string>sourcecode.c.h</string>
			<key>path</key>
			<string>PCUTextNodeInteractor.h</string>
			<key>sourceTree</key>
			<string>&lt;group&gt;</string>
		</dict>
		<key>63BACEB11A8DE7C70013DB6C</key>
		<dict>
			<key>fileEncoding</key>
			<string>4</string>
			<key>isa</key>
			<string>PBXFileReference</string>
			<key>lastKnownFileType</key>
			<string>sourcecode.c.objc</string>
			<key>path</key>
			<string>PCUTextNodeInteractor.m</string>
			<key>sourceTree</key>
			<string>&lt;group&gt;</string>
		</dict>
		<key>63BACEB21A8DE7C70013DB6C</key>
		<dict>
			<key>fileRef</key>
			<string>63BACEB11A8DE7C70013DB6C</string>
			<key>isa</key>
			<string>PBXBuildFile</string>
		</dict>
		<key>63BACEB31A8DE7DB0013DB6C</key>
		<dict>
			<key>fileEncoding</key>
			<string>4</string>
			<key>isa</key>
			<string>PBXFileReference</string>
			<key>lastKnownFileType</key>
			<string>sourcecode.c.h</string>
			<key>path</key>
			<string>PCUChatInterator.h</string>
			<key>sourceTree</key>
			<string>&lt;group&gt;</string>
		</dict>
		<key>63BACEB41A8DE7DB0013DB6C</key>
		<dict>
			<key>fileEncoding</key>
			<string>4</string>
			<key>isa</key>
			<string>PBXFileReference</string>
			<key>lastKnownFileType</key>
			<string>sourcecode.c.objc</string>
			<key>path</key>
			<string>PCUChatInterator.m</string>
			<key>sourceTree</key>
			<string>&lt;group&gt;</string>
		</dict>
		<key>63BACEB51A8DE7DB0013DB6C</key>
		<dict>
			<key>fileRef</key>
			<string>63BACEB41A8DE7DB0013DB6C</string>
			<key>isa</key>
			<string>PBXBuildFile</string>
		</dict>
		<key>63BACEB61A8DE80B0013DB6C</key>
		<dict>
			<key>fileEncoding</key>
			<string>4</string>
			<key>isa</key>
			<string>PBXFileReference</string>
			<key>lastKnownFileType</key>
			<string>sourcecode.c.h</string>
			<key>path</key>
			<string>PCUTextNodePresenter.h</string>
			<key>sourceTree</key>
			<string>&lt;group&gt;</string>
		</dict>
		<key>63BACEB71A8DE80B0013DB6C</key>
		<dict>
			<key>fileEncoding</key>
			<string>4</string>
			<key>isa</key>
			<string>PBXFileReference</string>
			<key>lastKnownFileType</key>
			<string>sourcecode.c.objc</string>
			<key>path</key>
			<string>PCUTextNodePresenter.m</string>
			<key>sourceTree</key>
			<string>&lt;group&gt;</string>
		</dict>
		<key>63BACEB81A8DE80B0013DB6C</key>
		<dict>
			<key>fileRef</key>
			<string>63BACEB71A8DE80B0013DB6C</string>
			<key>isa</key>
			<string>PBXBuildFile</string>
		</dict>
		<key>63BACEB91A8DE8450013DB6C</key>
		<dict>
			<key>fileEncoding</key>
			<string>4</string>
			<key>isa</key>
			<string>PBXFileReference</string>
			<key>lastKnownFileType</key>
			<string>sourcecode.c.h</string>
			<key>path</key>
			<string>PCUNodeInteractor.h</string>
			<key>sourceTree</key>
			<string>&lt;group&gt;</string>
		</dict>
		<key>63BACEBA1A8DE8450013DB6C</key>
		<dict>
			<key>fileEncoding</key>
			<string>4</string>
			<key>isa</key>
			<string>PBXFileReference</string>
			<key>lastKnownFileType</key>
			<string>sourcecode.c.objc</string>
			<key>path</key>
			<string>PCUNodeInteractor.m</string>
			<key>sourceTree</key>
			<string>&lt;group&gt;</string>
		</dict>
		<key>63BACEBB1A8DE8450013DB6C</key>
		<dict>
			<key>fileRef</key>
			<string>63BACEBA1A8DE8450013DB6C</string>
			<key>isa</key>
			<string>PBXBuildFile</string>
		</dict>
		<key>63BACEBC1A8DE86A0013DB6C</key>
		<dict>
			<key>fileEncoding</key>
			<string>4</string>
			<key>isa</key>
			<string>PBXFileReference</string>
			<key>lastKnownFileType</key>
			<string>sourcecode.c.h</string>
			<key>path</key>
			<string>PCUNodePresenter.h</string>
			<key>sourceTree</key>
			<string>&lt;group&gt;</string>
		</dict>
		<key>63BACEBD1A8DE86A0013DB6C</key>
		<dict>
			<key>fileEncoding</key>
			<string>4</string>
			<key>isa</key>
			<string>PBXFileReference</string>
			<key>lastKnownFileType</key>
			<string>sourcecode.c.objc</string>
			<key>path</key>
			<string>PCUNodePresenter.m</string>
			<key>sourceTree</key>
			<string>&lt;group&gt;</string>
		</dict>
		<key>63BACEBE1A8DE86A0013DB6C</key>
		<dict>
			<key>fileRef</key>
			<string>63BACEBD1A8DE86A0013DB6C</string>
			<key>isa</key>
			<string>PBXBuildFile</string>
		</dict>
		<key>63BACEBF1A8DE89C0013DB6C</key>
		<dict>
			<key>fileEncoding</key>
			<string>4</string>
			<key>isa</key>
			<string>PBXFileReference</string>
			<key>lastKnownFileType</key>
			<string>sourcecode.c.h</string>
			<key>path</key>
			<string>PCUNodeViewController.h</string>
			<key>sourceTree</key>
			<string>&lt;group&gt;</string>
		</dict>
		<key>63BACEC01A8DE89C0013DB6C</key>
		<dict>
			<key>fileEncoding</key>
			<string>4</string>
			<key>isa</key>
			<string>PBXFileReference</string>
			<key>lastKnownFileType</key>
			<string>sourcecode.c.objc</string>
			<key>path</key>
			<string>PCUNodeViewController.m</string>
			<key>sourceTree</key>
			<string>&lt;group&gt;</string>
		</dict>
		<key>63BACEC11A8DE89C0013DB6C</key>
		<dict>
			<key>fileRef</key>
			<string>63BACEC01A8DE89C0013DB6C</string>
			<key>isa</key>
			<string>PBXBuildFile</string>
		</dict>
		<key>63BACEC21A903C7C0013DB6C</key>
		<dict>
			<key>fileEncoding</key>
			<string>4</string>
			<key>isa</key>
			<string>PBXFileReference</string>
			<key>lastKnownFileType</key>
			<string>sourcecode.c.h</string>
			<key>path</key>
			<string>PCUMessageManager.h</string>
			<key>sourceTree</key>
			<string>&lt;group&gt;</string>
		</dict>
		<key>63BACEC31A903C7C0013DB6C</key>
		<dict>
			<key>fileEncoding</key>
			<string>4</string>
			<key>isa</key>
			<string>PBXFileReference</string>
			<key>lastKnownFileType</key>
			<string>sourcecode.c.objc</string>
			<key>path</key>
			<string>PCUMessageManager.m</string>
			<key>sourceTree</key>
			<string>&lt;group&gt;</string>
		</dict>
		<key>63BACEC41A903C7C0013DB6C</key>
		<dict>
			<key>fileRef</key>
			<string>63BACEC31A903C7C0013DB6C</string>
			<key>isa</key>
			<string>PBXBuildFile</string>
		</dict>
		<key>63BACEC51A903D9F0013DB6C</key>
		<dict>
			<key>fileEncoding</key>
			<string>4</string>
			<key>isa</key>
			<string>PBXFileReference</string>
			<key>lastKnownFileType</key>
			<string>sourcecode.c.h</string>
			<key>path</key>
			<string>PCUChat.h</string>
			<key>sourceTree</key>
			<string>&lt;group&gt;</string>
		</dict>
		<key>63BACEC61A903D9F0013DB6C</key>
		<dict>
			<key>fileEncoding</key>
			<string>4</string>
			<key>isa</key>
			<string>PBXFileReference</string>
			<key>lastKnownFileType</key>
			<string>sourcecode.c.objc</string>
			<key>path</key>
			<string>PCUChat.m</string>
			<key>sourceTree</key>
			<string>&lt;group&gt;</string>
		</dict>
		<key>63BACEC71A903D9F0013DB6C</key>
		<dict>
			<key>fileRef</key>
			<string>63BACEC61A903D9F0013DB6C</string>
			<key>isa</key>
			<string>PBXBuildFile</string>
		</dict>
		<key>63FF1C001A8C4394007C3A18</key>
		<dict>
			<key>fileEncoding</key>
			<string>4</string>
			<key>isa</key>
			<string>PBXFileReference</string>
			<key>lastKnownFileType</key>
			<string>sourcecode.c.h</string>
			<key>path</key>
			<string>PCUTextNodeViewController.h</string>
			<key>sourceTree</key>
			<string>&lt;group&gt;</string>
		</dict>
		<key>63FF1C011A8C4394007C3A18</key>
		<dict>
			<key>fileEncoding</key>
			<string>4</string>
			<key>isa</key>
			<string>PBXFileReference</string>
			<key>lastKnownFileType</key>
			<string>sourcecode.c.objc</string>
			<key>path</key>
			<string>PCUTextNodeViewController.m</string>
			<key>sourceTree</key>
			<string>&lt;group&gt;</string>
		</dict>
		<key>63FF1C021A8C4394007C3A18</key>
		<dict>
			<key>fileRef</key>
			<string>63FF1C011A8C4394007C3A18</string>
			<key>isa</key>
			<string>PBXBuildFile</string>
		</dict>
		<key>77B27DC368BB62974F4FF2F5</key>
		<dict>
			<key>fileRef</key>
			<string>ACC89F67F39C439C21543284</string>
			<key>isa</key>
			<string>PBXBuildFile</string>
		</dict>
		<key>7AE1D43D810961388EC28908</key>
		<dict>
			<key>children</key>
			<array>
				<string>ACC89F67F39C439C21543284</string>
			</array>
			<key>isa</key>
			<string>PBXGroup</string>
			<key>name</key>
			<string>Frameworks</string>
			<key>sourceTree</key>
			<string>&lt;group&gt;</string>
		</dict>
		<key>98D753C6F4B3CEB2E647DAC1</key>
		<dict>
			<key>children</key>
			<array>
				<string>15758C1FCC6268190B5415FF</string>
				<string>EFFD382C3BEE47F55164881E</string>
			</array>
			<key>isa</key>
			<string>PBXGroup</string>
			<key>name</key>
			<string>Pods</string>
			<key>sourceTree</key>
			<string>&lt;group&gt;</string>
		</dict>
		<key>A70987A283FFC4BFCF3D9680</key>
		<dict>
			<key>buildActionMask</key>
			<string>2147483647</string>
			<key>files</key>
			<array/>
			<key>inputPaths</key>
			<array/>
			<key>isa</key>
			<string>PBXShellScriptBuildPhase</string>
			<key>name</key>
			<string>Check Pods Manifest.lock</string>
			<key>outputPaths</key>
			<array/>
			<key>runOnlyForDeploymentPostprocessing</key>
			<string>0</string>
			<key>shellPath</key>
			<string>/bin/sh</string>
			<key>shellScript</key>
			<string>diff "${PODS_ROOT}/../Podfile.lock" "${PODS_ROOT}/Manifest.lock" &gt; /dev/null
if [[ $? != 0 ]] ; then
    cat &lt;&lt; EOM
error: The sandbox is not in sync with the Podfile.lock. Run 'pod install' or update your CocoaPods installation.
EOM
    exit 1
fi
</string>
			<key>showEnvVarsInLog</key>
			<string>0</string>
		</dict>
		<key>ACC89F67F39C439C21543284</key>
		<dict>
			<key>explicitFileType</key>
			<string>archive.ar</string>
			<key>includeInIndex</key>
			<string>0</string>
			<key>isa</key>
			<string>PBXFileReference</string>
			<key>path</key>
			<string>libPods-PonyChatUI.a</string>
			<key>sourceTree</key>
			<string>BUILT_PRODUCTS_DIR</string>
		</dict>
		<key>EFFD382C3BEE47F55164881E</key>
		<dict>
			<key>includeInIndex</key>
			<string>1</string>
			<key>isa</key>
			<string>PBXFileReference</string>
			<key>lastKnownFileType</key>
			<string>text.xcconfig</string>
			<key>name</key>
			<string>Pods-PonyChatUI.release.xcconfig</string>
			<key>path</key>
			<string>Pods/Target Support Files/Pods-PonyChatUI/Pods-PonyChatUI.release.xcconfig</string>
			<key>sourceTree</key>
			<string>&lt;group&gt;</string>
		</dict>
	</dict>
	<key>rootObject</key>
	<string>632885CC1A8B023C0032C99C</string>
</dict>
</plist>
